{
    "_meta": {
        "hash": {
            "sha256": "586cb0cd3d588a2b54aabca31edf06626730bb50b04d88ac9657054304258109"
        },
        "pipfile-spec": 6,
        "requires": {
            "python_version": "2.7"
        },
        "sources": [
            {
                "name": "pypi",
                "url": "https://pypi.org/simple",
                "verify_ssl": true
            }
        ]
    },
    "default": {
        "certifi": {
            "hashes": [
                "sha256:046832c04d4e752f37383b628bc601a7ea7211496b4638f6514d0e5b9acc4939",
                "sha256:945e3ba63a0b9f577b1395204e13c3a231f9bc0223888be653286534e5873695"
            ],
            "index": "pypi",
            "version": "==2019.6.16"
        },
        "chardet": {
            "hashes": [
                "sha256:84ab92ed1c4d4f16916e05906b6b75a6c0fb5db821cc65e70cbd64a3e2a5eaae",
                "sha256:fc323ffcaeaed0e0a02bf4d117757b98aed530d9ed4531e3e15460124c106691"
            ],
            "index": "pypi",
            "version": "==3.0.4"
        },
        "click": {
            "hashes": [
                "sha256:2335065e6395b9e67ca716de5f7526736bfa6ceead690adf616d925bdc622b13",
                "sha256:5b94b49521f6456670fdb30cd82a4eca9412788a93fa6dd6df72c94d5a8ff2d7"
            ],
            "index": "pypi",
            "version": "==7.0"
        },
        "confluent-kafka": {
            "hashes": [
                "sha256:01737c71c4596ef588b60ee1a1c56b64d8fd04169e3d5545ed31e08a530e00df",
                "sha256:16736eb9a65c2ca5ddb7200254d7a97c2b59eb3ef4f985ed319e583cb7abc0e6",
                "sha256:1c84038b2c515b27b14ab2d44b3f5c6ea7eeb848bfe755f5083c58edc60867af",
                "sha256:228722c35efa27cafe30bb7236c8acf699b9a07deb8df011f7d8e975715b77f6",
                "sha256:342299cd49c0af395bfaf0da5acfc1509081064429f809deb77754999ade8757",
                "sha256:36f3942527100646b8dcc32b59ae03d34b36df96a2fa66b3d91a10e8fcf3002f",
                "sha256:442186d9d6eca9c7a9d019a782645aeb210f1eb0dc85235ba60cd2f15ef89292",
                "sha256:4dcb171ebed381f2f8b3dd0827d10398097dba346b5170a42501065bee075444",
                "sha256:50d2300dad99f354b316660595eb461567e253fbb314848974542c58c04a7666",
                "sha256:5505d42ad10fde01f0a7254c6e7e2348b0b9dc26be95bea7ad203bcea3ece201",
                "sha256:6f9a99de81028fa687499f2f335374b0ee2366a970bc0664637ab346a1b77a11",
                "sha256:76e1922ada8da7ee654892f2364e9b30730fba9154868cec1017d791134bedf7",
                "sha256:790decee83bd0a15dc6b65a87703c156d63fde51b6b5c1c086cca13ee9300e8f",
                "sha256:7cd66710c8552e83d09b60cf699309d47f749289b10379ad3ed01d1b5114b461",
                "sha256:7eae7288fc28a8cd9ce5b758530ab2690c6ba15141c9192bc65774a2a7148432",
                "sha256:88fbbf7c27db4770a2d5b26795608cf2a6b672811cbe337f81ca82fe7011586d",
                "sha256:9857da6a911e7beae5e11acc8a494e95dabd4348c78a26b32b9ac98142b368da",
                "sha256:98ba297342d33c87775abbb9403f4759b9d48c34f84020973ddb8a8b785bfde1",
                "sha256:a2634c2de4b8cfdce9963723023658190edf7d8fddd3f4aa2eda448941654bd6",
                "sha256:ab5ddd32c4bcf7d5fecf71a455b5525825d907b86cdab9594bad33a1e342360d",
                "sha256:b25399b3e8bada06134b5a38f24ca70acf1524e70a6290c34a709b28b29ec284",
                "sha256:b809a9ddd35492b1c24487925dbc4b3cf4f392bf8856584d49b6b5a674fd0776",
                "sha256:bcb2da981e8713c900ab9903226167878f5731fcf33a3551ddb0614db88d1fcf",
                "sha256:dd003e54b251e8e7300e808175d21c8ab9039c9633a6fd87fb99301d94f7d2bc",
                "sha256:ddbd51a8429815ea5194d1d72881604836c6ea037cba79bf7440b2d4098ac7b0",
                "sha256:e809dbe2cd3b934247d2c1e22736798150769e51415ea65d28ba496fcec22a7d"
            ],
            "index": "pypi",
            "version": "==1.0.1"
        },
        "enum34": {
            "hashes": [
                "sha256:2d81cbbe0e73112bdfe6ef8576f2238f2ba27dd0d55752a776c41d38b7da2850",
                "sha256:644837f692e5f550741432dd3f223bbb9852018674981b1664e5dc339387588a",
                "sha256:6bd0f6ad48ec2aa117d3d141940d484deccda84d4fcd884f5c3d93c23ecd8c79",
                "sha256:8ad8c4783bf61ded74527bffb48ed9b54166685e4230386a9ed9b1279e2df5b1"
            ],
            "index": "pypi",
            "version": "==1.1.6"
        },
        "futures": {
            "hashes": [
                "sha256:9ec02aa7d674acb8618afb127e27fde7fc68994c0437ad759fa094a574adb265",
                "sha256:ec0a6cb848cc212002b9828c3e34c675e0c9ff6741dc445cab6fdd4e1085d1f1"
            ],
            "index": "pypi",
            "version": "==3.2.0"
        },
        "grpc": {
            "hashes": [
                "sha256:fca64c4232bdbeb58606eb849c87cd0dc49f25dc94f4e0725413f144640d4c50"
            ],
            "index": "pypi",
            "version": "==0.3.post19"
        },
        "grpcio": {
            "hashes": [
                "sha256:0232add03144dd3cf9b660e2718244cb8e175370dca4d3855cb4e489a7811b53",
                "sha256:0f20e6dcb1b8662cdca033bb97c0a8116a5343e3ebc7f71c5fe7f89039978350",
                "sha256:10b07a623d33d4966f45c85d410bc6a79c5ac6341f06c3beda6c22be12cbfe07",
                "sha256:10c0476d5a52d21f402fc073745dc43b87cc8e080a1f49bbff4e1059019310fb",
                "sha256:289dae0b35c59d191c524e976dd0a6f8c995d2062e72621eb866ad0f4472a635",
                "sha256:2be726f16142d358a0df1e81d583d6820ee561a7856a79cca2fbe49989308be7",
                "sha256:4338d2a81f5b4ca022e085040b3cfce19419a5ce44aa7e6810ac1df05365bed7",
                "sha256:4c535b46f20e66bee3097583231977e721acdfcb1671d1490c99b7be8902ce18",
                "sha256:557154aef70a0e979700cc9528bc8b606b668084a29a0d57dbc4b06b078a2f1c",
                "sha256:5bfdd7e6647498f979dc46583723c852d97b25afe995d55aa1c76a5f9816bc1f",
                "sha256:87d8943ae7aa6ca5bbad732867d7f17d2550e4966a0c15b52088e8b579422e47",
                "sha256:89d8719d8de4d137678f7caa979e1b0a6fd4026f8096ceef8c2d164bbabefaf2",
                "sha256:9c3f4af989ce860710ac1864dc2e867dd87e6cee51a2368df1b253596868e52f",
                "sha256:9da52c3c728883aee429bb7c315049f50b2139f680cd86bb1165418e4f93a982",
                "sha256:9e9736659987beab42d18525ed10d21f80a1ba8389eac03425fbfd5684e6bbf0",
                "sha256:9ebcbb1a054cab362d29d3be571d43d6b9b23302d9fc4b43e5327000da1680a9",
                "sha256:a93e08636623e24c939851e2e0c0140b14f524b2980c9cdc4ea52b70a871c7e0",
                "sha256:ac322d86d1a079e0a118d544443ee16f320af0062c191b4754c0c6ec2fc79310",
                "sha256:b1fb101459868f52df6b61e7bb13375e50badf17a160e39fe1d51ae19e53f461",
                "sha256:b39aac96cceac624a23d540473835086a3ffa77c91030189988c073488434493",
                "sha256:b65507bc273c6dbf539175a786a344cc0ac78d50e5584f72c6599733f8a3301f",
                "sha256:be5bb6e47417e537c884a2e2ff2e1a8b2c064a998fcfdfcc67528d4e63e7ebaf",
                "sha256:c92de6a28a909c4f460dc1bbbcb50d676cf0b1f40224b222761f73fdd851b522",
                "sha256:c9f5962eb7fa7607b20eb0e4f59ed35829bd600fc0eacb626a6db83229a3e445",
                "sha256:d00bdf9c546ed6e649f785c55b05288e8b2dbb6bf2eb74b6c579fa0d591d35bd",
                "sha256:da804b1dd8293bd9d61b1e6ea989c887ba042a808a4fbdd80001cfa059aafed2",
                "sha256:ead6c5aa3e807345913649c3be395aaca2bbb2d225f18b8f31f37eab225508f6",
                "sha256:eb4d81550ce6f826af4ec6e8d98be347fe96291d718bf115c3f254621ae8d98d",
                "sha256:ef6a18ec8fd32ec81748fe720544ea2fb2d2dc50fd6d06739d5e2eb8f0626a1c",
                "sha256:fad42835656e0b6d3b7ffc900598e776722e30f43b7234a48f2576ca30f31a47",
                "sha256:fb98dbfee0d963b49ae5754554028cf62e6bd695f22de16d242ba9d2f0b7339b",
                "sha256:fb9cd9bb8d26dc17c2dd715a46bca3a879ec8283879b164e85863110dc6e3b2a"
            ],
            "index": "pypi",
            "version": "==1.21.1"
        },
        "grpcio-tools": {
            "hashes": [
                "sha256:04b642dc43d154d9383e7e8141b0ad5e8427f46e5d9b88a87da9787d3312479c",
                "sha256:095762c550363b68320194153feb1a60586cc86cd192190e756a6b003742aca0",
                "sha256:14e1d201bbd2084e1f44ab6a8c5d6fec88c5aa94b8af946c89e6043390e88718",
                "sha256:2058b5f411578935ef8ec7943458c1d262722de1c1df26fa599b0f54232d0291",
                "sha256:20cea46554dc095796b5ed6e93ca9eae4f2865d3d8b69cef3d88738c218eb596",
                "sha256:28376d8fea76016d500b3ae8883489ccef783e5f74bb12894fdd7347d5894f6f",
                "sha256:30be4d04cae981e0764c9c6a90154de1864350a0ee6f906bb7a3fb6969da9260",
                "sha256:314bcd400730f074688570274441193296830f018d9df70902126065e34f9c18",
                "sha256:3dc77cce3ed8a99126ab78e077074711b0173238dd7a9214fe92025d42dcb8fb",
                "sha256:4328f07818bbcaf3ea3b46380c743fd65392031d3bf3c0c28fd2d3b074ae2a0a",
                "sha256:4564241ca8865163ea575187f7160d0957992974cd71bc2a217275690d0e6f18",
                "sha256:49557224e68b469d5488690136b8e6e4b0f383d5601cfef964847bb45536c72e",
                "sha256:4da4e8f7fc564b0289c4680901bb1642aef646c88f43346b6282d620cfd2a58b",
                "sha256:4f2c390ab8d9b3ae1b8ce90f1cb23102b7d28672ce6ee357845af199b31a8de6",
                "sha256:4fc02ff19903d3642d3f294a9f38999808c84cf0c12b80f854e063386611640a",
                "sha256:50d460c8e172b5b0b0a443c19219f3adf11323d1ff969a23cf4a4d9626bd4c94",
                "sha256:711451998edc6ae87e737af0c051d3eb75c3358435d880f4599c6c927ff50ec7",
                "sha256:7eed258012119f177342399e049e45652b150c3315a37114ce30ef6e99a13e3a",
                "sha256:8340e5bf4a21e45c6a39dd019b2d70691a1181cf1c5545e2ae96eb95cbf9d965",
                "sha256:844401a18a6674490657cd5040f20d0a71650d82e8573da82dc6f1d16bbec1ea",
                "sha256:87289456f7fba8ce65cfca868e0250945b85bed5b3b28a49e7e373d8a985e1e5",
                "sha256:9bbcccee9aadfcfdd063e7ad5c26926dab9a3c8d727823e9028c44641ee1e5dc",
                "sha256:aba021c82b936fec8a3fa5c15277fc11c0bf3a8f95a4a7b3f85d9b1225fff729",
                "sha256:cf74d4843651cf13afbef8aae472d51aaa500bed130f5bfbaba57ec02068f1a5",
                "sha256:d13e36a5936e04321ca703cedf9dfe61f4c837e31dd0330708303dca30aaec94",
                "sha256:d4ecf399b09bf8c646414a0385085537614ebdd221ea588d2c29ce71ade5d6f0",
                "sha256:d5857c9682ca80cad4dce6e94e9bcc35b77a4d58ec7647e0efeb29fe6183cd43",
                "sha256:da18c9ad04d0bacd8c8682b2f81feef9835f2cf27c7f59acb3e664052dacb22a",
                "sha256:df73f88859f2f86ebfd6200603be191651443237a3d02e2bd0e0308b833e5497",
                "sha256:e9b3e2bc69fbd9910dd5e7d21a1003995e46bc6853032c758eccae3ef5b9de4d",
                "sha256:ecdc2369e3f1d6e83029ca4b600aeccaa441976315fa52f518d2f53537addbe6",
                "sha256:fe60c48804528aa4c4af7be0d27b025c5494d1716d1fa4fb1a1560aab8320f4c"
            ],
            "index": "pypi",
            "version": "==1.21.1"
        },
        "idna": {
            "hashes": [
                "sha256:c357b3f628cf53ae2c4c05627ecc484553142ca23264e593d327bcde5e9c3407",
                "sha256:ea8b7f6188e6fa117537c3df7da9fc686d485087abf6ac197f9c46432f7e4a3c"
            ],
            "index": "pypi",
            "version": "==2.8"
        },
        "msgpack-python": {
            "hashes": [
                "sha256:378cc8a6d3545b532dfd149da715abae4fda2a3adb6d74e525d0d5e51f46909b"
            ],
            "index": "pypi",
            "version": "==0.5.6"
        },
        "protobuf": {
            "hashes": [
                "sha256:03f43eac9d5b651f976e91cf46a25b75e5779d98f0f4114b0abfed83376d75f8",
                "sha256:0c94b21e6de01362f91a86b372555d22a60b59708599ca9d5032ae9fdf8e3538",
                "sha256:2d2a9f30f61f4063fadd7fb68a2510a6939b43c0d6ceeec5c4704f22225da28e",
                "sha256:34a0b05fca061e4abb77dd180209f68d8637115ff319f51e28a6a9382d69853a",
                "sha256:358710fd0db25372edcf1150fa691f48376a134a6c69ce29f38f185eea7699e6",
                "sha256:41e47198b94c27ba05a08b4a95160656105745c462af574e4bcb0807164065c0",
                "sha256:8c61cc8a76e9d381c665aecc5105fa0f1878cf7db8b5cd17202603bcb386d0fc",
                "sha256:a6eebc4db759e58fdac02efcd3028b811effac881d8a5bad1996e4e8ee6acb47",
                "sha256:a9c12f7c98093da0a46ba76ec40ace725daa1ac4038c41e4b1466afb5c45bb01",
                "sha256:cb95068492ba0859b8c9e61fa8ba206a83c64e5d0916fb4543700b2e2b214115",
                "sha256:cd98476ce7bb4dcd6a7b101f5eecdc073dafea19f311e36eb8fba1a349346277",
                "sha256:ce64cfbea18c535176bdaa10ba740c0fc4c6d998a3f511c17bedb0ae4b3b167c",
                "sha256:dcbb59eac73fd454e8f2c5fba9e3d3320fd4707ed6a9d3ea3717924a6f0903ea",
                "sha256:dd67f34458ae716029e2a71ede998e9092493b62a519236ca52e3c5202096c87",
                "sha256:e3c96056eb5b7284a20e256cb0bf783c8f36ad82a4ae5434a7b7cd02384144a7",
                "sha256:f612d584d7a27e2f39e7b17878430a959c1bc09a74ba09db096b468558e5e126",
                "sha256:f6de8a7d6122297b81566e5bd4df37fd5d62bec14f8f90ebff8ede1c9726cd0a",
                "sha256:fa529d9261682b24c2aaa683667253175c9acebe0a31105394b221090da75832"
            ],
            "index": "pypi",
            "version": "==3.8.0"
        },
        "pypon": {
            "editable": true,
            "path": "."
        },
        "requests": {
            "hashes": [
                "sha256:11e007a8a2aa0323f5a921e9e6a2d7e4e67d9877e85773fba9ba6419025cbeb4",
                "sha256:9cf5292fcd0f598c671cfc1e0d7d1a7f13bb8085e9a590f48c010551dc6c4b31"
            ],
            "index": "pypi",
            "version": "==2.22.0"
        },
        "simplejson": {
            "hashes": [
                "sha256:067a7177ddfa32e1483ba5169ebea1bc2ea27f224853211ca669325648ca5642",
                "sha256:2fc546e6af49fb45b93bbe878dea4c48edc34083729c0abd09981fe55bdf7f91",
                "sha256:354fa32b02885e6dae925f1b5bbf842c333c1e11ea5453ddd67309dc31fdb40a",
                "sha256:37e685986cf6f8144607f90340cff72d36acf654f3653a6c47b84c5c38d00df7",
                "sha256:3af610ee72efbe644e19d5eaad575c73fb83026192114e5f6719f4901097fce2",
                "sha256:3b919fc9cf508f13b929a9b274c40786036b31ad28657819b3b9ba44ba651f50",
                "sha256:3dd289368bbd064974d9a5961101f080e939cbe051e6689a193c99fb6e9ac89b",
                "sha256:6c3258ffff58712818a233b9737fe4be943d306c40cf63d14ddc82ba563f483a",
                "sha256:75e3f0b12c28945c08f54350d91e624f8dd580ab74fd4f1bbea54bc6b0165610",
                "sha256:b1f329139ba647a9548aa05fb95d046b4a677643070dc2afc05fa2e975d09ca5",
                "sha256:ee9625fc8ee164902dfbb0ff932b26df112da9f871c32f0f9c1bcf20c350fe2a",
                "sha256:fb2530b53c28f0d4d84990e945c2ebb470edb469d63e389bf02ff409012fe7c5"
            ],
            "index": "pypi",
            "version": "==3.16.0"
        },
        "six": {
            "hashes": [
                "sha256:3350809f0555b11f552448330d0b52d5f24c91a322ea4a15ef22629740f3761c",
                "sha256:d16a0141ec1a18405cd4ce8b4613101da75da0e9a7aec5bdd4fa804d0e0eba73"
            ],
            "index": "pypi",
            "version": "==1.12.0"
        },
        "structlog": {
            "hashes": [
                "sha256:5feae03167620824d3ae3e8915ea8589fc28d1ad6f3edf3cc90ed7c7cb33fab5",
                "sha256:db441b81c65b0f104a7ce5d86c5432be099956b98b8a2c8be0b3fb3a7a0b1536"
            ],
            "index": "pypi",
            "version": "==19.1.0"
        },
        "urllib3": {
            "hashes": [
                "sha256:2f3db8b19923a873b3e5256dc9c2dedfa883e33d87c690d9c7913e1f40673cdc",
                "sha256:87716c2d2a7121198ebcb7ce7cccf6ce5e9ba539041cfbaeecfb641dc0bf6acc"
            ],
            "index": "pypi",
            "version": "==1.25.8"
        }
    },
    "develop": {}
}
